
Microsoft Visual Studio Solution File, Format Version 12.00
# Visual Studio Version 17
VisualStudioVersion = 17.10.35013.160
MinimumVisualStudioVersion = 10.0.40219.1
Project("{FAE04EC0-301F-11D3-BF4B-00C04F79EFBC}") = "Project Hotel", "Project Hotel.csproj", "{018D89DA-EE74-4F37-ACC5-4DE9F92D151E}"
EndProject
Global
	GlobalSection(SolutionConfigurationPlatforms) = preSolution
		Debug|Any CPU = Debug|Any CPU
		Release|Any CPU = Release|Any CPU
	EndGlobalSection
	GlobalSection(ProjectConfigurationPlatforms) = postSolution
		{018D89DA-EE74-4F37-ACC5-4DE9F92D151E}.Debug|Any CPU.ActiveCfg = Debug|Any CPU
		{018D89DA-EE74-4F37-ACC5-4DE9F92D151E}.Debug|Any CPU.Build.0 = Debug|Any CPU
		{018D89DA-EE74-4F37-ACC5-4DE9F92D151E}.Release|Any CPU.ActiveCfg = Release|Any CPU
		{018D89DA-EE74-4F37-ACC5-4DE9F92D151E}.Release|Any CPU.Build.0 = Release|Any CPU
	EndGlobalSection
	GlobalSection(SolutionProperties) = preSolution
		HideSolutionNode = FALSE
	EndGlobalSection
	GlobalSection(ExtensibilityGlobals) = postSolution
		SolutionGuid = {3CF936C6-824C-4DDB-83F9-C4603DB19D79}
	EndGlobalSection
EndGlobal
